
Microsoft Visual Studio Solution File, Format Version 12.00
# Visual Studio Version 17
VisualStudioVersion = 17.4.33122.133
MinimumVisualStudioVersion = 10.0.40219.1
Project("{9A19103F-16F7-4668-BE54-9A1E7A4F7556}") = "APIConsumeDAL", "APIConsumeDAL.csproj", "{C069DA8B-1581-44CE-84E1-927EBF895955}"
EndProject
Project("{FAE04EC0-301F-11D3-BF4B-00C04F79EFBC}") = "DAL", "..\MVCNetWithDAL\DAL\DAL.csproj", "{DF07ABA3-D283-4C88-9282-9B9B05B648B4}"
EndProject
Project("{9A19103F-16F7-4668-BE54-9A1E7A4F7556}") = "XUnitMoqTestDAL", "..\XUnitMoqTestDAL\XUnitMoqTestDAL.csproj", "{4ACEBC24-CAC8-4F81-AC14-49D365D4C27B}"
EndProject
Global
	GlobalSection(SolutionConfigurationPlatforms) = preSolution
		Debug|Any CPU = Debug|Any CPU
		Release|Any CPU = Release|Any CPU
	EndGlobalSection
	GlobalSection(ProjectConfigurationPlatforms) = postSolution
		{C069DA8B-1581-44CE-84E1-927EBF895955}.Debug|Any CPU.ActiveCfg = Debug|Any CPU
		{C069DA8B-1581-44CE-84E1-927EBF895955}.Debug|Any CPU.Build.0 = Debug|Any CPU
		{C069DA8B-1581-44CE-84E1-927EBF895955}.Release|Any CPU.ActiveCfg = Release|Any CPU
		{C069DA8B-1581-44CE-84E1-927EBF895955}.Release|Any CPU.Build.0 = Release|Any CPU
		{DF07ABA3-D283-4C88-9282-9B9B05B648B4}.Debug|Any CPU.ActiveCfg = Debug|Any CPU
		{DF07ABA3-D283-4C88-9282-9B9B05B648B4}.Debug|Any CPU.Build.0 = Debug|Any CPU
		{DF07ABA3-D283-4C88-9282-9B9B05B648B4}.Release|Any CPU.ActiveCfg = Release|Any CPU
		{DF07ABA3-D283-4C88-9282-9B9B05B648B4}.Release|Any CPU.Build.0 = Release|Any CPU
		{4ACEBC24-CAC8-4F81-AC14-49D365D4C27B}.Debug|Any CPU.ActiveCfg = Debug|Any CPU
		{4ACEBC24-CAC8-4F81-AC14-49D365D4C27B}.Debug|Any CPU.Build.0 = Debug|Any CPU
		{4ACEBC24-CAC8-4F81-AC14-49D365D4C27B}.Release|Any CPU.ActiveCfg = Release|Any CPU
		{4ACEBC24-CAC8-4F81-AC14-49D365D4C27B}.Release|Any CPU.Build.0 = Release|Any CPU
	EndGlobalSection
	GlobalSection(SolutionProperties) = preSolution
		HideSolutionNode = FALSE
	EndGlobalSection
	GlobalSection(ExtensibilityGlobals) = postSolution
		SolutionGuid = {F66AD40D-905B-4C91-9119-39CDD8EBDF64}
	EndGlobalSection
EndGlobal
