
Microsoft Visual Studio Solution File, Format Version 12.00
# Visual Studio Version 17
VisualStudioVersion = 17.4.33122.133
MinimumVisualStudioVersion = 10.0.40219.1
Project("{9A19103F-16F7-4668-BE54-9A1E7A4F7556}") = "APIEmployee", "APIEmployee.csproj", "{4F4AB0B9-B80B-4AB5-AC81-FB36123CE68D}"
EndProject
Project("{9A19103F-16F7-4668-BE54-9A1E7A4F7556}") = "Employee.MinimalApi", "..\Employee.MinimalApi\Employee.MinimalApi.csproj", "{4DCB4BCE-1782-4875-AA9D-47476A755B82}"
EndProject
Project("{9A19103F-16F7-4668-BE54-9A1E7A4F7556}") = "Employee.MinimalApi.Repo", "..\Employee.MinimalApi.Repo\Employee.MinimalApi.Repo.csproj", "{1F42DB29-8E10-4539-A1F8-81A5855D054E}"
EndProject
Project("{9A19103F-16F7-4668-BE54-9A1E7A4F7556}") = "Employee.Repo", "..\Employee.Repo\Employee.Repo.csproj", "{CAE30B39-7BB8-49A4-82C7-90E917548F66}"
EndProject
Project("{9A19103F-16F7-4668-BE54-9A1E7A4F7556}") = "AuthenticationWebApi", "..\AuthenticationWebApi\AuthenticationWebApi.csproj", "{05C2DE1F-6B4E-4410-9762-C84B41F25755}"
EndProject
Project("{9A19103F-16F7-4668-BE54-9A1E7A4F7556}") = "SuperHeroAPI-DotNet8", "..\SuperHeroAPI-DotNet8\SuperHeroAPI-DotNet8.csproj", "{FBDA1E40-AAE9-4DAC-AFA5-EE1B3A1ED24E}"
EndProject
Project("{FAE04EC0-301F-11D3-BF4B-00C04F79EFBC}") = "SuperHero.Repo", "..\SuperHero.Repo\SuperHero.Repo.csproj", "{2822C996-8E43-4B44-A895-E16A211BF44A}"
EndProject
Project("{FAE04EC0-301F-11D3-BF4B-00C04F79EFBC}") = "SuperHero.MinimalApi", "..\SuperHero.MinimalApi\SuperHero.MinimalApi.csproj", "{60F8C5C1-F8C9-4007-A810-7DE1DAD7FD69}"
EndProject
Global
	GlobalSection(SolutionConfigurationPlatforms) = preSolution
		Debug|Any CPU = Debug|Any CPU
		Release|Any CPU = Release|Any CPU
	EndGlobalSection
	GlobalSection(ProjectConfigurationPlatforms) = postSolution
		{4F4AB0B9-B80B-4AB5-AC81-FB36123CE68D}.Debug|Any CPU.ActiveCfg = Debug|Any CPU
		{4F4AB0B9-B80B-4AB5-AC81-FB36123CE68D}.Debug|Any CPU.Build.0 = Debug|Any CPU
		{4F4AB0B9-B80B-4AB5-AC81-FB36123CE68D}.Release|Any CPU.ActiveCfg = Release|Any CPU
		{4F4AB0B9-B80B-4AB5-AC81-FB36123CE68D}.Release|Any CPU.Build.0 = Release|Any CPU
		{4DCB4BCE-1782-4875-AA9D-47476A755B82}.Debug|Any CPU.ActiveCfg = Debug|Any CPU
		{4DCB4BCE-1782-4875-AA9D-47476A755B82}.Debug|Any CPU.Build.0 = Debug|Any CPU
		{4DCB4BCE-1782-4875-AA9D-47476A755B82}.Release|Any CPU.ActiveCfg = Release|Any CPU
		{4DCB4BCE-1782-4875-AA9D-47476A755B82}.Release|Any CPU.Build.0 = Release|Any CPU
		{1F42DB29-8E10-4539-A1F8-81A5855D054E}.Debug|Any CPU.ActiveCfg = Debug|Any CPU
		{1F42DB29-8E10-4539-A1F8-81A5855D054E}.Debug|Any CPU.Build.0 = Debug|Any CPU
		{1F42DB29-8E10-4539-A1F8-81A5855D054E}.Release|Any CPU.ActiveCfg = Release|Any CPU
		{1F42DB29-8E10-4539-A1F8-81A5855D054E}.Release|Any CPU.Build.0 = Release|Any CPU
		{CAE30B39-7BB8-49A4-82C7-90E917548F66}.Debug|Any CPU.ActiveCfg = Debug|Any CPU
		{CAE30B39-7BB8-49A4-82C7-90E917548F66}.Debug|Any CPU.Build.0 = Debug|Any CPU
		{CAE30B39-7BB8-49A4-82C7-90E917548F66}.Release|Any CPU.ActiveCfg = Release|Any CPU
		{CAE30B39-7BB8-49A4-82C7-90E917548F66}.Release|Any CPU.Build.0 = Release|Any CPU
		{05C2DE1F-6B4E-4410-9762-C84B41F25755}.Debug|Any CPU.ActiveCfg = Debug|Any CPU
		{05C2DE1F-6B4E-4410-9762-C84B41F25755}.Debug|Any CPU.Build.0 = Debug|Any CPU
		{05C2DE1F-6B4E-4410-9762-C84B41F25755}.Release|Any CPU.ActiveCfg = Release|Any CPU
		{05C2DE1F-6B4E-4410-9762-C84B41F25755}.Release|Any CPU.Build.0 = Release|Any CPU
		{FBDA1E40-AAE9-4DAC-AFA5-EE1B3A1ED24E}.Debug|Any CPU.ActiveCfg = Debug|Any CPU
		{FBDA1E40-AAE9-4DAC-AFA5-EE1B3A1ED24E}.Debug|Any CPU.Build.0 = Debug|Any CPU
		{FBDA1E40-AAE9-4DAC-AFA5-EE1B3A1ED24E}.Release|Any CPU.ActiveCfg = Release|Any CPU
		{FBDA1E40-AAE9-4DAC-AFA5-EE1B3A1ED24E}.Release|Any CPU.Build.0 = Release|Any CPU
		{2822C996-8E43-4B44-A895-E16A211BF44A}.Debug|Any CPU.ActiveCfg = Debug|Any CPU
		{2822C996-8E43-4B44-A895-E16A211BF44A}.Debug|Any CPU.Build.0 = Debug|Any CPU
		{2822C996-8E43-4B44-A895-E16A211BF44A}.Release|Any CPU.ActiveCfg = Release|Any CPU
		{2822C996-8E43-4B44-A895-E16A211BF44A}.Release|Any CPU.Build.0 = Release|Any CPU
		{60F8C5C1-F8C9-4007-A810-7DE1DAD7FD69}.Debug|Any CPU.ActiveCfg = Debug|Any CPU
		{60F8C5C1-F8C9-4007-A810-7DE1DAD7FD69}.Debug|Any CPU.Build.0 = Debug|Any CPU
		{60F8C5C1-F8C9-4007-A810-7DE1DAD7FD69}.Release|Any CPU.ActiveCfg = Release|Any CPU
		{60F8C5C1-F8C9-4007-A810-7DE1DAD7FD69}.Release|Any CPU.Build.0 = Release|Any CPU
	EndGlobalSection
	GlobalSection(SolutionProperties) = preSolution
		HideSolutionNode = FALSE
	EndGlobalSection
	GlobalSection(ExtensibilityGlobals) = postSolution
		SolutionGuid = {9E3DB24E-7B16-4E39-806B-ADB2CAD454FA}
	EndGlobalSection
EndGlobal
