
Microsoft Visual Studio Solution File, Format Version 12.00
# Visual Studio Version 17
VisualStudioVersion = 17.4.33122.133
MinimumVisualStudioVersion = 10.0.40219.1
Project("{9A19103F-16F7-4668-BE54-9A1E7A4F7556}") = "Employee.MinimalApi.Repo", "Employee.MinimalApi.Repo.csproj", "{A81CA146-4A57-445B-BE42-08DBA6ACABDF}"
EndProject
Project("{9A19103F-16F7-4668-BE54-9A1E7A4F7556}") = "Employee.Repo", "..\Employee.Repo\Employee.Repo.csproj", "{F1F59DF9-307D-4097-8B62-76ED15957265}"
EndProject
Global
	GlobalSection(SolutionConfigurationPlatforms) = preSolution
		Debug|Any CPU = Debug|Any CPU
		Release|Any CPU = Release|Any CPU
	EndGlobalSection
	GlobalSection(ProjectConfigurationPlatforms) = postSolution
		{A81CA146-4A57-445B-BE42-08DBA6ACABDF}.Debug|Any CPU.ActiveCfg = Debug|Any CPU
		{A81CA146-4A57-445B-BE42-08DBA6ACABDF}.Debug|Any CPU.Build.0 = Debug|Any CPU
		{A81CA146-4A57-445B-BE42-08DBA6ACABDF}.Release|Any CPU.ActiveCfg = Release|Any CPU
		{A81CA146-4A57-445B-BE42-08DBA6ACABDF}.Release|Any CPU.Build.0 = Release|Any CPU
		{F1F59DF9-307D-4097-8B62-76ED15957265}.Debug|Any CPU.ActiveCfg = Debug|Any CPU
		{F1F59DF9-307D-4097-8B62-76ED15957265}.Debug|Any CPU.Build.0 = Debug|Any CPU
		{F1F59DF9-307D-4097-8B62-76ED15957265}.Release|Any CPU.ActiveCfg = Release|Any CPU
		{F1F59DF9-307D-4097-8B62-76ED15957265}.Release|Any CPU.Build.0 = Release|Any CPU
	EndGlobalSection
	GlobalSection(SolutionProperties) = preSolution
		HideSolutionNode = FALSE
	EndGlobalSection
	GlobalSection(ExtensibilityGlobals) = postSolution
		SolutionGuid = {4C860ED4-B69D-42DB-854E-3FE6BCA5E42B}
	EndGlobalSection
EndGlobal
